PODS:
  - Kingfisher (7.10.2)
  - PINCache (3.0.3):
    - PINCache/Arc-exception-safe (= 3.0.3)
    - PINCache/Core (= 3.0.3)
  - PINCache/Arc-exception-safe (3.0.3):
    - PINCache/Core
  - PINCache/Core (3.0.3):
    - PINOperation (~> 1.2.1)
  - PINOperation (1.2.2)
  - SDWebImage (5.18.10):
    - SDWebImage/Core (= 5.18.10)
  - SDWebImage/Core (5.18.10)

DEPENDENCIES:
  - Kingfisher
  - PINCache
  - SDWebImage

SPEC REPOS:
  trunk:
    - Kingfisher
    - PINCache
    - PINOperation
    - SDWebImage

SPEC CHECKSUMS:
  Kingfisher: 99edc495d3b7607e6425f0d6f6847b2abd6d716d
  PINCache: 7a8fc1a691173d21dbddbf86cd515de6efa55086
  PINOperation: daa34d4aa1d8449089be7d405b9d974abc4724c6
  SDWebImage: fc8f2d48bbfd72ef39d70e981bd24a3f3be53fec

PODFILE CHECKSUM: f1ef18483b1e3a5fec8ed028644ca267e8c9da3b

COCOAPODS: 1.14.3
